<?xml version="1.0" encoding="utf-8"?>
<Project ToolsVersion="4.0" xmlns="http://schemas.microsoft.com/developer/msbuild/2003">
  <ItemGroup>
    <Filter Include="Engine">
      <UniqueIdentifier>{fa0bca92-07fa-4e77-ad79-c002e20ca6e4}</UniqueIdentifier>
    </Filter>
    <Filter Include="Contents">
      <UniqueIdentifier>{b3f12092-9ca0-4c84-bf71-f67d60790207}</UniqueIdentifier>
    </Filter>
  </ItemGroup>
  <ItemGroup>
    <ClCompile Include="HomeWork220221.cpp" />
    <ClCompile Include="Engine\ConsoleMath.cpp">
      <Filter>Engine</Filter>
    </ClCompile>
    <ClCompile Include="Engine\ConsoleObject.cpp">
      <Filter>Engine</Filter>
    </ClCompile>
    <ClCompile Include="Engine\ConsoleRandom.cpp">
      <Filter>Engine</Filter>
    </ClCompile>
    <ClCompile Include="Engine\ConsoleScreen.cpp">
      <Filter>Engine</Filter>
    </ClCompile>
    <ClCompile Include="Body.cpp">
      <Filter>Contents</Filter>
    </ClCompile>
    <ClCompile Include="GameBlock.cpp">
      <Filter>Contents</Filter>
    </ClCompile>
    <ClCompile Include="GlobalGameLogic.cpp">
      <Filter>Contents</Filter>
    </ClCompile>
    <ClCompile Include="Head.cpp">
      <Filter>Contents</Filter>
    </ClCompile>
  </ItemGroup>
  <ItemGroup>
    <ClInclude Include="Engine\ConsoleMath.h">
      <Filter>Engine</Filter>
    </ClInclude>
    <ClInclude Include="Engine\ConsoleObject.h">
      <Filter>Engine</Filter>
    </ClInclude>
    <ClInclude Include="Engine\ConsoleRandom.h">
      <Filter>Engine</Filter>
    </ClInclude>
    <ClInclude Include="Engine\ConsoleScreen.h">
      <Filter>Engine</Filter>
    </ClInclude>
    <ClInclude Include="Body.h">
      <Filter>Contents</Filter>
    </ClInclude>
    <ClInclude Include="GameBlock.h">
      <Filter>Contents</Filter>
    </ClInclude>
    <ClInclude Include="GlobalGameLogic.h">
      <Filter>Contents</Filter>
    </ClInclude>
    <ClInclude Include="Head.h">
      <Filter>Contents</Filter>
    </ClInclude>
  </ItemGroup>
</Project>